{
  "name": "build-consumer",
  "version": "1.0.0",
  "lockfileVersion": 3,
  "requires": true,
  "packages": {
    "": {
      "name": "build-consumer",
      "version": "1.0.0",
      "dependencies": {
        "@module-federation/enhanced": "^0.1.2",
        "@tanstack/react-router": "^1.26.9",
        "@tanstack/router": "^0.0.1-beta.53",
        "react": "^18.2.0",
        "react-dom": "^18.2.0"
      },
      "devDependencies": {
        "@rsbuild/core": "^0.5.7",
        "@rsbuild/plugin-react": "^0.5.7",
        "@types/react": "^18.2.71",
        "@types/react-dom": "^18.2.22",
        "typescript": "^5.4.2"
      }
    },
    "../../node_modules/.pnpm/@module-federation+enhanced@0.1.2_typescript@5.4.3_vue-tsc@1.8.27_webpack@5.91.0/node_modules/@module-federation/enhanced": {
      "version": "0.1.2",
      "dependencies": {
        "@module-federation/dts-plugin": "0.1.2",
        "@module-federation/managers": "0.1.2",
        "@module-federation/manifest": "0.1.2",
        "@module-federation/rspack": "0.1.2",
        "@module-federation/runtime-tools": "0.1.2",
        "@module-federation/sdk": "0.1.2",
        "upath": "2.0.1"
      },
      "devDependencies": {
        "@module-federation/webpack-bundler-runtime": "0.1.2"
      },
      "peerDependencies": {
        "webpack": "^5.0.0"
      }
    },
    "../../node_modules/.pnpm/@rsbuild+core@0.5.7/node_modules/@rsbuild/core": {
      "version": "0.5.7",
      "dev": true,
      "license": "MIT",
      "dependencies": {
        "@rsbuild/shared": "0.5.7",
        "@rspack/core": "0.5.9-canary-8778e17-20240403045016",
        "@swc/helpers": "0.5.3",
        "core-js": "~3.36.0",
        "html-webpack-plugin": "npm:html-rspack-plugin@5.6.2",
        "postcss": "^8.4.38"
      },
      "bin": {
        "rsbuild": "bin/rsbuild.js"
      },
      "devDependencies": {
        "@types/node": "16.x",
        "typescript": "^5.4.2",
        "webpack": "^5.91.0"
      },
      "engines": {
        "node": ">=16.0.0"
      }
    },
    "../../node_modules/.pnpm/@rsbuild+plugin-react@0.5.7_@rsbuild+core@0.5.7/node_modules/@rsbuild/plugin-react": {
      "version": "0.5.7",
      "dev": true,
      "license": "MIT",
      "dependencies": {
        "@rsbuild/shared": "0.5.7",
        "@rspack/plugin-react-refresh": "0.5.9-canary-8778e17-20240403045016",
        "react-refresh": "^0.14.0"
      },
      "devDependencies": {
        "@rsbuild/core": "0.5.7",
        "@scripts/test-helper": "0.5.7",
        "@types/node": "16.x",
        "typescript": "^5.4.2"
      },
      "peerDependencies": {
        "@rsbuild/core": "^0.5.7"
      }
    },
    "../../node_modules/.pnpm/@types+react-dom@18.2.24/node_modules/@types/react-dom": {
      "version": "18.2.24",
      "dev": true,
      "license": "MIT",
      "dependencies": {
        "@types/react": "*"
      }
    },
    "../../node_modules/.pnpm/@types+react@18.2.74/node_modules/@types/react": {
      "version": "18.2.74",
      "dev": true,
      "license": "MIT",
      "dependencies": {
        "@types/prop-types": "*",
        "csstype": "^3.0.2"
      }
    },
    "../../node_modules/.pnpm/react-dom@18.2.0_react@18.2.0/node_modules/react-dom": {
      "version": "18.2.0",
      "license": "MIT",
      "dependencies": {
        "loose-envify": "^1.1.0",
        "scheduler": "^0.23.0"
      },
      "peerDependencies": {
        "react": "^18.2.0"
      }
    },
    "../../node_modules/.pnpm/react@18.2.0/node_modules/react": {
      "version": "18.2.0",
      "license": "MIT",
      "dependencies": {
        "loose-envify": "^1.1.0"
      },
      "engines": {
        "node": ">=0.10.0"
      }
    },
    "../../node_modules/.pnpm/typescript@5.4.3/node_modules/typescript": {
      "version": "5.4.3",
      "dev": true,
      "license": "Apache-2.0",
      "bin": {
        "tsc": "bin/tsc",
        "tsserver": "bin/tsserver"
      },
      "devDependencies": {
        "@esfx/canceltoken": "^1.0.0",
        "@octokit/rest": "^20.0.2",
        "@types/chai": "^4.3.11",
        "@types/glob": "^8.1.0",
        "@types/microsoft__typescript-etw": "^0.1.3",
        "@types/minimist": "^1.2.5",
        "@types/mocha": "^10.0.6",
        "@types/ms": "^0.7.34",
        "@types/node": "latest",
        "@types/source-map-support": "^0.5.10",
        "@types/which": "^3.0.3",
        "@typescript-eslint/eslint-plugin": "^6.19.0",
        "@typescript-eslint/parser": "^6.19.0",
        "@typescript-eslint/utils": "^6.19.0",
        "azure-devops-node-api": "^12.3.0",
        "c8": "^9.1.0",
        "chai": "^4.4.1",
        "chalk": "^4.1.2",
        "chokidar": "^3.5.3",
        "diff": "^5.1.0",
        "dprint": "^0.45.0",
        "esbuild": "^0.20.0",
        "eslint": "^8.56.0",
        "eslint-formatter-autolinkable-stylish": "^1.3.0",
        "eslint-plugin-local": "^3.1.0",
        "eslint-plugin-no-null": "^1.0.2",
        "eslint-plugin-simple-import-sort": "^10.0.0",
        "fast-xml-parser": "^4.3.3",
        "glob": "^10.3.10",
        "hereby": "^1.8.9",
        "jsonc-parser": "^3.2.0",
        "minimist": "^1.2.8",
        "mocha": "^10.2.0",
        "mocha-fivemat-progress-reporter": "^0.1.0",
        "ms": "^2.1.3",
        "node-fetch": "^3.3.2",
        "playwright": "^1.41.0",
        "source-map-support": "^0.5.21",
        "tslib": "^2.6.2",
        "typescript": "5.4.0-dev.20240119",
        "which": "^3.0.1"
      },
      "engines": {
        "node": ">=14.17"
      }
    },
    "node_modules/@babel/runtime": {
      "version": "7.24.4",
      "resolved": "https://registry.npmjs.org/@babel/runtime/-/runtime-7.24.4.tgz",
      "integrity": "sha512-dkxf7+hn8mFBwKjs9bvBlArzLVxVbS8usaPUDd5p2a9JCL9tB8OaOVN1isD4+Xyk4ns89/xeOmbQvgdK7IIVdA==",
      "dependencies": {
        "regenerator-runtime": "^0.14.0"
      },
      "engines": {
        "node": ">=6.9.0"
      }
    },
    "node_modules/@module-federation/enhanced": {
      "resolved": "../../node_modules/.pnpm/@module-federation+enhanced@0.1.2_typescript@5.4.3_vue-tsc@1.8.27_webpack@5.91.0/node_modules/@module-federation/enhanced",
      "link": true
    },
    "node_modules/@rsbuild/core": {
      "resolved": "../../node_modules/.pnpm/@rsbuild+core@0.5.7/node_modules/@rsbuild/core",
      "link": true
    },
    "node_modules/@rsbuild/plugin-react": {
      "resolved": "../../node_modules/.pnpm/@rsbuild+plugin-react@0.5.7_@rsbuild+core@0.5.7/node_modules/@rsbuild/plugin-react",
      "link": true
    },
    "node_modules/@tanstack/history": {
      "version": "1.26.3",
      "resolved": "https://registry.npmjs.org/@tanstack/history/-/history-1.26.3.tgz",
      "integrity": "sha512-NhRgiyTdNy7lw2iL1gggj6Znz5wWi8c2yFE1zCfn0G6CPRDZZ//Stgd7bPOs6XIp24YeCFrIq4J3HAhbo8jyZg==",
      "engines": {
        "node": ">=12"
      },
      "funding": {
        "type": "github",
        "url": "https://github.com/sponsors/tannerlinsley"
      }
    },
    "node_modules/@tanstack/react-router": {
      "version": "1.26.9",
      "resolved": "https://registry.npmjs.org/@tanstack/react-router/-/react-router-1.26.9.tgz",
      "integrity": "sha512-7UlNKRpk71Uh6ZsN4OQkZSXJw8u7n7gKKipmxWB9iPsvczymOoJ78JYgR26y3awpqXvbEjdCb7hbxSxZt2xfbA==",
      "dependencies": {
        "@tanstack/history": "1.26.3",
        "@tanstack/react-store": "^0.2.1",
        "tiny-invariant": "^1.3.1",
        "tiny-warning": "^1.0.3"
      },
      "engines": {
        "node": ">=12"
      },
      "funding": {
        "type": "github",
        "url": "https://github.com/sponsors/tannerlinsley"
      },
      "peerDependencies": {
        "react": ">=16.8",
        "react-dom": ">=16.8"
      }
    },
    "node_modules/@tanstack/react-store": {
      "version": "0.2.1",
      "resolved": "https://registry.npmjs.org/@tanstack/react-store/-/react-store-0.2.1.tgz",
      "integrity": "sha512-tEbMCQjbeVw9KOP/202LfqZMSNAVi6zYkkp1kBom8nFuMx/965Hzes3+6G6b/comCwVxoJU8Gg9IrcF8yRPthw==",
      "dependencies": {
        "@tanstack/store": "0.1.3",
        "use-sync-external-store": "^1.2.0"
      },
      "funding": {
        "type": "github",
        "url": "https://github.com/sponsors/tannerlinsley"
      },
      "peerDependencies": {
        "react": ">=16",
        "react-dom": ">=16"
      }
    },
    "node_modules/@tanstack/react-store/node_modules/@tanstack/store": {
      "version": "0.1.3",
      "resolved": "https://registry.npmjs.org/@tanstack/store/-/store-0.1.3.tgz",
      "integrity": "sha512-GnolmC8Fr4mvsHE1fGQmR3Nm0eBO3KnZjDU0a+P3TeQNM/dDscFGxtA7p31NplQNW3KwBw4t1RVFmz0VeKLxcw==",
      "funding": {
        "type": "github",
        "url": "https://github.com/sponsors/tannerlinsley"
      }
    },
    "node_modules/@tanstack/router": {
      "version": "0.0.1-beta.53",
      "resolved": "https://registry.npmjs.org/@tanstack/router/-/router-0.0.1-beta.53.tgz",
      "integrity": "sha512-nX1avh939ufOCoXhJ5wihX/ft6sn50ARrj4FAhRYn50KKzo9fXsYSmPyVgqVdW0hJ4n9XXKIMkwwpzEhLQmqrA==",
      "dependencies": {
        "@babel/runtime": "^7.16.7",
        "@tanstack/store": "0.0.1-beta.52",
        "tiny-invariant": "^1.3.1"
      },
      "engines": {
        "node": ">=12"
      },
      "funding": {
        "type": "github",
        "url": "https://github.com/sponsors/tannerlinsley"
      }
    },
    "node_modules/@tanstack/store": {
      "version": "0.0.1-beta.52",
      "resolved": "https://registry.npmjs.org/@tanstack/store/-/store-0.0.1-beta.52.tgz",
      "integrity": "sha512-3/5XqeG09sCJnakHpq8qgXjdVpm97aITbi1wfbjLGXdVsss62zpJAvc4vL8ccHf+J/OmoS4dJTNuEZ0alywZtg==",
      "dependencies": {
        "immer": "^9.0.15"
      },
      "engines": {
        "node": ">=12"
      },
      "funding": {
        "type": "github",
        "url": "https://github.com/sponsors/tannerlinsley"
      }
    },
    "node_modules/@types/react": {
      "resolved": "../../node_modules/.pnpm/@types+react@18.2.74/node_modules/@types/react",
      "link": true
    },
    "node_modules/@types/react-dom": {
      "resolved": "../../node_modules/.pnpm/@types+react-dom@18.2.24/node_modules/@types/react-dom",
      "link": true
    },
    "node_modules/immer": {
      "version": "9.0.21",
      "resolved": "https://registry.npmjs.org/immer/-/immer-9.0.21.tgz",
      "integrity": "sha512-bc4NBHqOqSfRW7POMkHd51LvClaeMXpm8dx0e8oE2GORbq5aRK7Bxl4FyzVLdGtLmvLKL7BTDBG5ACQm4HWjTA==",
      "funding": {
        "type": "opencollective",
        "url": "https://opencollective.com/immer"
      }
    },
    "node_modules/react": {
      "resolved": "../../node_modules/.pnpm/react@18.2.0/node_modules/react",
      "link": true
    },
    "node_modules/react-dom": {
      "resolved": "../../node_modules/.pnpm/react-dom@18.2.0_react@18.2.0/node_modules/react-dom",
      "link": true
    },
    "node_modules/regenerator-runtime": {
      "version": "0.14.1",
      "resolved": "https://registry.npmjs.org/regenerator-runtime/-/regenerator-runtime-0.14.1.tgz",
      "integrity": "sha512-dYnhHh0nJoMfnkZs6GmmhFknAGRrLznOu5nc9ML+EJxGvrx6H7teuevqVqCuPcPK//3eDrrjQhehXVx9cnkGdw=="
    },
    "node_modules/tiny-invariant": {
      "version": "1.3.3",
      "resolved": "https://registry.npmjs.org/tiny-invariant/-/tiny-invariant-1.3.3.tgz",
      "integrity": "sha512-+FbBPE1o9QAYvviau/qC5SE3caw21q3xkvWKBtja5vgqOWIHHJ3ioaq1VPfn/Szqctz2bU/oYeKd9/z5BL+PVg=="
    },
    "node_modules/tiny-warning": {
      "version": "1.0.3",
      "resolved": "https://registry.npmjs.org/tiny-warning/-/tiny-warning-1.0.3.tgz",
      "integrity": "sha512-lBN9zLN/oAf68o3zNXYrdCt1kP8WsiGW8Oo2ka41b2IM5JL/S1CTyX1rW0mb/zSuJun0ZUrDxx4sqvYS2FWzPA=="
    },
    "node_modules/typescript": {
      "resolved": "../../node_modules/.pnpm/typescript@5.4.3/node_modules/typescript",
      "link": true
    },
    "node_modules/use-sync-external-store": {
      "version": "1.2.0",
      "resolved": "https://registry.npmjs.org/use-sync-external-store/-/use-sync-external-store-1.2.0.tgz",
      "integrity": "sha512-eEgnFxGQ1Ife9bzYs6VLi8/4X6CObHMw9Qr9tPY43iKwsPw8xE8+EFsf/2cFZ5S3esXgpWgtSCtLNS41F+sKPA==",
      "peerDependencies": {
        "react": "^16.8.0 || ^17.0.0 || ^18.0.0"
      }
    }
  }
}
